
Microsoft Visual Studio Solution File, Format Version 11.00
# Visual Studio 2010
Project("{FAE04EC0-301F-11D3-BF4B-00C04F79EFBC}") = "Oculus.Platform", "Oculus.Platform.csproj", "{F624D897-B713-E604-ED96-B67C0FCA1DAE}"
EndProject
Project("{FAE04EC0-301F-11D3-BF4B-00C04F79EFBC}") = "Assembly-CSharp", "Assembly-CSharp.csproj", "{BFAA539E-2E2B-CC5C-5F7B-B8341798D260}"
EndProject
Project("{FAE04EC0-301F-11D3-BF4B-00C04F79EFBC}") = "Oculus.Spatializer", "Oculus.Spatializer.csproj", "{9522BDD1-0B42-2F67-ED97-166A9CF77912}"
EndProject
Project("{FAE04EC0-301F-11D3-BF4B-00C04F79EFBC}") = "Oculus.Interaction", "Oculus.Interaction.csproj", "{4B26CD5E-4569-987A-213E-690F78DA66C0}"
EndProject
Project("{FAE04EC0-301F-11D3-BF4B-00C04F79EFBC}") = "Oculus.VR", "Oculus.VR.csproj", "{CD523551-8600-6B69-8A2D-BCA637A85AE7}"
EndProject
Project("{FAE04EC0-301F-11D3-BF4B-00C04F79EFBC}") = "Oculus.Interaction.Samples", "Oculus.Interaction.Samples.csproj", "{71A5D61A-1969-AD47-69B5-51BA41F8C159}"
EndProject
Project("{FAE04EC0-301F-11D3-BF4B-00C04F79EFBC}") = "Facebook.WitAI", "Facebook.WitAI.csproj", "{6717184B-0B82-02AB-0FD9-35E24F38AED1}"
EndProject
Project("{FAE04EC0-301F-11D3-BF4B-00C04F79EFBC}") = "Oculus.AudioManager", "Oculus.AudioManager.csproj", "{C1EDAB57-BC5C-20B6-E5C4-D54F39EDDC3D}"
EndProject
Project("{FAE04EC0-301F-11D3-BF4B-00C04F79EFBC}") = "VoiceSDK.Runtime", "VoiceSDK.Runtime.csproj", "{BC8DD774-89C5-6EA4-F0EA-49AC047A1C23}"
EndProject
Project("{FAE04EC0-301F-11D3-BF4B-00C04F79EFBC}") = "AssistantCoreSDKRuntime", "AssistantCoreSDKRuntime.csproj", "{F7BEC045-0631-EC65-DACF-9EA00E8690E4}"
EndProject
Project("{FAE04EC0-301F-11D3-BF4B-00C04F79EFBC}") = "Oculus.LipSync", "Oculus.LipSync.csproj", "{ED73E415-BBE1-A3EF-8BA7-9DE43B2B7A22}"
EndProject
Project("{FAE04EC0-301F-11D3-BF4B-00C04F79EFBC}") = "Oculus.Interaction.Editor", "Oculus.Interaction.Editor.csproj", "{633E1B3A-7D98-19E0-D9F7-9C51188E66A4}"
EndProject
Project("{FAE04EC0-301F-11D3-BF4B-00C04F79EFBC}") = "Facebook.Wit.Editor", "Facebook.Wit.Editor.csproj", "{6FA747F7-D604-4DD6-9540-42016F99A012}"
EndProject
Project("{FAE04EC0-301F-11D3-BF4B-00C04F79EFBC}") = "Oculus.Spatializer.Editor", "Oculus.Spatializer.Editor.csproj", "{7F90CBCA-B5BE-66F3-04B7-9F6FA4546BA3}"
EndProject
Project("{FAE04EC0-301F-11D3-BF4B-00C04F79EFBC}") = "Assembly-CSharp-Editor", "Assembly-CSharp-Editor.csproj", "{9729DB76-BDCF-B778-5811-A43E4E7A51F9}"
EndProject
Project("{FAE04EC0-301F-11D3-BF4B-00C04F79EFBC}") = "Oculus.VR.Editor", "Oculus.VR.Editor.csproj", "{BC220B7D-83EB-A73E-ADF3-0413582EE2C3}"
EndProject
Project("{FAE04EC0-301F-11D3-BF4B-00C04F79EFBC}") = "VoiceSDK.Editor", "VoiceSDK.Editor.csproj", "{8F9FD343-6FF8-ED7F-2233-5F905A83CA8C}"
EndProject
Project("{FAE04EC0-301F-11D3-BF4B-00C04F79EFBC}") = "Oculus.Platform.Editor", "Oculus.Platform.Editor.csproj", "{FB32A705-AA1E-A02A-EC24-8D4097746EE7}"
EndProject
Project("{FAE04EC0-301F-11D3-BF4B-00C04F79EFBC}") = "Oculus.AudioManager.Audio.Editor", "Oculus.AudioManager.Audio.Editor.csproj", "{BDF0659E-B2A7-0522-565D-50682BD4BC98}"
EndProject
Project("{FAE04EC0-301F-11D3-BF4B-00C04F79EFBC}") = "Oculus.Interaction.InterfaceSupport", "Oculus.Interaction.InterfaceSupport.csproj", "{AB396714-E0C5-E991-0D61-40C606B8563B}"
EndProject
Project("{FAE04EC0-301F-11D3-BF4B-00C04F79EFBC}") = "Oculus.VR.Scripts.Editor", "Oculus.VR.Scripts.Editor.csproj", "{E56A46A4-94E1-82BE-59B5-2B79DD0CD8EF}"
EndProject
Project("{FAE04EC0-301F-11D3-BF4B-00C04F79EFBC}") = "Oculus.LipSync.Editor", "Oculus.LipSync.Editor.csproj", "{54AAEE0C-75C8-9CC5-63CB-45B95D7BAAE2}"
EndProject
Project("{FAE04EC0-301F-11D3-BF4B-00C04F79EFBC}") = "AssistantCoreSDKEditor", "AssistantCoreSDKEditor.csproj", "{C4326CFD-496C-2667-84FE-ACE853C6CEDC}"
EndProject
Project("{FAE04EC0-301F-11D3-BF4B-00C04F79EFBC}") = "Oculus.AudioManager.Utils.Editor", "Oculus.AudioManager.Utils.Editor.csproj", "{6ACD3064-636A-4B25-BF72-E48BC89CE736}"
EndProject
Global
	GlobalSection(SolutionConfigurationPlatforms) = preSolution
		Debug|Any CPU = Debug|Any CPU
		Release|Any CPU = Release|Any CPU
	EndGlobalSection
	GlobalSection(ProjectConfigurationPlatforms) = postSolution
		{F624D897-B713-E604-ED96-B67C0FCA1DAE}.Debug|Any CPU.ActiveCfg = Debug|Any CPU
		{F624D897-B713-E604-ED96-B67C0FCA1DAE}.Debug|Any CPU.Build.0 = Debug|Any CPU
		{F624D897-B713-E604-ED96-B67C0FCA1DAE}.Release|Any CPU.ActiveCfg = Release|Any CPU
		{F624D897-B713-E604-ED96-B67C0FCA1DAE}.Release|Any CPU.Build.0 = Release|Any CPU
		{BFAA539E-2E2B-CC5C-5F7B-B8341798D260}.Debug|Any CPU.ActiveCfg = Debug|Any CPU
		{BFAA539E-2E2B-CC5C-5F7B-B8341798D260}.Debug|Any CPU.Build.0 = Debug|Any CPU
		{BFAA539E-2E2B-CC5C-5F7B-B8341798D260}.Release|Any CPU.ActiveCfg = Release|Any CPU
		{BFAA539E-2E2B-CC5C-5F7B-B8341798D260}.Release|Any CPU.Build.0 = Release|Any CPU
		{9522BDD1-0B42-2F67-ED97-166A9CF77912}.Debug|Any CPU.ActiveCfg = Debug|Any CPU
		{9522BDD1-0B42-2F67-ED97-166A9CF77912}.Debug|Any CPU.Build.0 = Debug|Any CPU
		{9522BDD1-0B42-2F67-ED97-166A9CF77912}.Release|Any CPU.ActiveCfg = Release|Any CPU
		{9522BDD1-0B42-2F67-ED97-166A9CF77912}.Release|Any CPU.Build.0 = Release|Any CPU
		{4B26CD5E-4569-987A-213E-690F78DA66C0}.Debug|Any CPU.ActiveCfg = Debug|Any CPU
		{4B26CD5E-4569-987A-213E-690F78DA66C0}.Debug|Any CPU.Build.0 = Debug|Any CPU
		{4B26CD5E-4569-987A-213E-690F78DA66C0}.Release|Any CPU.ActiveCfg = Release|Any CPU
		{4B26CD5E-4569-987A-213E-690F78DA66C0}.Release|Any CPU.Build.0 = Release|Any CPU
		{CD523551-8600-6B69-8A2D-BCA637A85AE7}.Debug|Any CPU.ActiveCfg = Debug|Any CPU
		{CD523551-8600-6B69-8A2D-BCA637A85AE7}.Debug|Any CPU.Build.0 = Debug|Any CPU
		{CD523551-8600-6B69-8A2D-BCA637A85AE7}.Release|Any CPU.ActiveCfg = Release|Any CPU
		{CD523551-8600-6B69-8A2D-BCA637A85AE7}.Release|Any CPU.Build.0 = Release|Any CPU
		{71A5D61A-1969-AD47-69B5-51BA41F8C159}.Debug|Any CPU.ActiveCfg = Debug|Any CPU
		{71A5D61A-1969-AD47-69B5-51BA41F8C159}.Debug|Any CPU.Build.0 = Debug|Any CPU
		{71A5D61A-1969-AD47-69B5-51BA41F8C159}.Release|Any CPU.ActiveCfg = Release|Any CPU
		{71A5D61A-1969-AD47-69B5-51BA41F8C159}.Release|Any CPU.Build.0 = Release|Any CPU
		{6717184B-0B82-02AB-0FD9-35E24F38AED1}.Debug|Any CPU.ActiveCfg = Debug|Any CPU
		{6717184B-0B82-02AB-0FD9-35E24F38AED1}.Debug|Any CPU.Build.0 = Debug|Any CPU
		{6717184B-0B82-02AB-0FD9-35E24F38AED1}.Release|Any CPU.ActiveCfg = Release|Any CPU
		{6717184B-0B82-02AB-0FD9-35E24F38AED1}.Release|Any CPU.Build.0 = Release|Any CPU
		{C1EDAB57-BC5C-20B6-E5C4-D54F39EDDC3D}.Debug|Any CPU.ActiveCfg = Debug|Any CPU
		{C1EDAB57-BC5C-20B6-E5C4-D54F39EDDC3D}.Debug|Any CPU.Build.0 = Debug|Any CPU
		{C1EDAB57-BC5C-20B6-E5C4-D54F39EDDC3D}.Release|Any CPU.ActiveCfg = Release|Any CPU
		{C1EDAB57-BC5C-20B6-E5C4-D54F39EDDC3D}.Release|Any CPU.Build.0 = Release|Any CPU
		{BC8DD774-89C5-6EA4-F0EA-49AC047A1C23}.Debug|Any CPU.ActiveCfg = Debug|Any CPU
		{BC8DD774-89C5-6EA4-F0EA-49AC047A1C23}.Debug|Any CPU.Build.0 = Debug|Any CPU
		{BC8DD774-89C5-6EA4-F0EA-49AC047A1C23}.Release|Any CPU.ActiveCfg = Release|Any CPU
		{BC8DD774-89C5-6EA4-F0EA-49AC047A1C23}.Release|Any CPU.Build.0 = Release|Any CPU
		{F7BEC045-0631-EC65-DACF-9EA00E8690E4}.Debug|Any CPU.ActiveCfg = Debug|Any CPU
		{F7BEC045-0631-EC65-DACF-9EA00E8690E4}.Debug|Any CPU.Build.0 = Debug|Any CPU
		{F7BEC045-0631-EC65-DACF-9EA00E8690E4}.Release|Any CPU.ActiveCfg = Release|Any CPU
		{F7BEC045-0631-EC65-DACF-9EA00E8690E4}.Release|Any CPU.Build.0 = Release|Any CPU
		{ED73E415-BBE1-A3EF-8BA7-9DE43B2B7A22}.Debug|Any CPU.ActiveCfg = Debug|Any CPU
		{ED73E415-BBE1-A3EF-8BA7-9DE43B2B7A22}.Debug|Any CPU.Build.0 = Debug|Any CPU
		{ED73E415-BBE1-A3EF-8BA7-9DE43B2B7A22}.Release|Any CPU.ActiveCfg = Release|Any CPU
		{ED73E415-BBE1-A3EF-8BA7-9DE43B2B7A22}.Release|Any CPU.Build.0 = Release|Any CPU
		{633E1B3A-7D98-19E0-D9F7-9C51188E66A4}.Debug|Any CPU.ActiveCfg = Debug|Any CPU
		{633E1B3A-7D98-19E0-D9F7-9C51188E66A4}.Debug|Any CPU.Build.0 = Debug|Any CPU
		{633E1B3A-7D98-19E0-D9F7-9C51188E66A4}.Release|Any CPU.ActiveCfg = Release|Any CPU
		{633E1B3A-7D98-19E0-D9F7-9C51188E66A4}.Release|Any CPU.Build.0 = Release|Any CPU
		{6FA747F7-D604-4DD6-9540-42016F99A012}.Debug|Any CPU.ActiveCfg = Debug|Any CPU
		{6FA747F7-D604-4DD6-9540-42016F99A012}.Debug|Any CPU.Build.0 = Debug|Any CPU
		{6FA747F7-D604-4DD6-9540-42016F99A012}.Release|Any CPU.ActiveCfg = Release|Any CPU
		{6FA747F7-D604-4DD6-9540-42016F99A012}.Release|Any CPU.Build.0 = Release|Any CPU
		{7F90CBCA-B5BE-66F3-04B7-9F6FA4546BA3}.Debug|Any CPU.ActiveCfg = Debug|Any CPU
		{7F90CBCA-B5BE-66F3-04B7-9F6FA4546BA3}.Debug|Any CPU.Build.0 = Debug|Any CPU
		{7F90CBCA-B5BE-66F3-04B7-9F6FA4546BA3}.Release|Any CPU.ActiveCfg = Release|Any CPU
		{7F90CBCA-B5BE-66F3-04B7-9F6FA4546BA3}.Release|Any CPU.Build.0 = Release|Any CPU
		{9729DB76-BDCF-B778-5811-A43E4E7A51F9}.Debug|Any CPU.ActiveCfg = Debug|Any CPU
		{9729DB76-BDCF-B778-5811-A43E4E7A51F9}.Debug|Any CPU.Build.0 = Debug|Any CPU
		{9729DB76-BDCF-B778-5811-A43E4E7A51F9}.Release|Any CPU.ActiveCfg = Release|Any CPU
		{9729DB76-BDCF-B778-5811-A43E4E7A51F9}.Release|Any CPU.Build.0 = Release|Any CPU
		{BC220B7D-83EB-A73E-ADF3-0413582EE2C3}.Debug|Any CPU.ActiveCfg = Debug|Any CPU
		{BC220B7D-83EB-A73E-ADF3-0413582EE2C3}.Debug|Any CPU.Build.0 = Debug|Any CPU
		{BC220B7D-83EB-A73E-ADF3-0413582EE2C3}.Release|Any CPU.ActiveCfg = Release|Any CPU
		{BC220B7D-83EB-A73E-ADF3-0413582EE2C3}.Release|Any CPU.Build.0 = Release|Any CPU
		{8F9FD343-6FF8-ED7F-2233-5F905A83CA8C}.Debug|Any CPU.ActiveCfg = Debug|Any CPU
		{8F9FD343-6FF8-ED7F-2233-5F905A83CA8C}.Debug|Any CPU.Build.0 = Debug|Any CPU
		{8F9FD343-6FF8-ED7F-2233-5F905A83CA8C}.Release|Any CPU.ActiveCfg = Release|Any CPU
		{8F9FD343-6FF8-ED7F-2233-5F905A83CA8C}.Release|Any CPU.Build.0 = Release|Any CPU
		{FB32A705-AA1E-A02A-EC24-8D4097746EE7}.Debug|Any CPU.ActiveCfg = Debug|Any CPU
		{FB32A705-AA1E-A02A-EC24-8D4097746EE7}.Debug|Any CPU.Build.0 = Debug|Any CPU
		{FB32A705-AA1E-A02A-EC24-8D4097746EE7}.Release|Any CPU.ActiveCfg = Release|Any CPU
		{FB32A705-AA1E-A02A-EC24-8D4097746EE7}.Release|Any CPU.Build.0 = Release|Any CPU
		{BDF0659E-B2A7-0522-565D-50682BD4BC98}.Debug|Any CPU.ActiveCfg = Debug|Any CPU
		{BDF0659E-B2A7-0522-565D-50682BD4BC98}.Debug|Any CPU.Build.0 = Debug|Any CPU
		{BDF0659E-B2A7-0522-565D-50682BD4BC98}.Release|Any CPU.ActiveCfg = Release|Any CPU
		{BDF0659E-B2A7-0522-565D-50682BD4BC98}.Release|Any CPU.Build.0 = Release|Any CPU
		{AB396714-E0C5-E991-0D61-40C606B8563B}.Debug|Any CPU.ActiveCfg = Debug|Any CPU
		{AB396714-E0C5-E991-0D61-40C606B8563B}.Debug|Any CPU.Build.0 = Debug|Any CPU
		{AB396714-E0C5-E991-0D61-40C606B8563B}.Release|Any CPU.ActiveCfg = Release|Any CPU
		{AB396714-E0C5-E991-0D61-40C606B8563B}.Release|Any CPU.Build.0 = Release|Any CPU
		{E56A46A4-94E1-82BE-59B5-2B79DD0CD8EF}.Debug|Any CPU.ActiveCfg = Debug|Any CPU
		{E56A46A4-94E1-82BE-59B5-2B79DD0CD8EF}.Debug|Any CPU.Build.0 = Debug|Any CPU
		{E56A46A4-94E1-82BE-59B5-2B79DD0CD8EF}.Release|Any CPU.ActiveCfg = Release|Any CPU
		{E56A46A4-94E1-82BE-59B5-2B79DD0CD8EF}.Release|Any CPU.Build.0 = Release|Any CPU
		{54AAEE0C-75C8-9CC5-63CB-45B95D7BAAE2}.Debug|Any CPU.ActiveCfg = Debug|Any CPU
		{54AAEE0C-75C8-9CC5-63CB-45B95D7BAAE2}.Debug|Any CPU.Build.0 = Debug|Any CPU
		{54AAEE0C-75C8-9CC5-63CB-45B95D7BAAE2}.Release|Any CPU.ActiveCfg = Release|Any CPU
		{54AAEE0C-75C8-9CC5-63CB-45B95D7BAAE2}.Release|Any CPU.Build.0 = Release|Any CPU
		{C4326CFD-496C-2667-84FE-ACE853C6CEDC}.Debug|Any CPU.ActiveCfg = Debug|Any CPU
		{C4326CFD-496C-2667-84FE-ACE853C6CEDC}.Debug|Any CPU.Build.0 = Debug|Any CPU
		{C4326CFD-496C-2667-84FE-ACE853C6CEDC}.Release|Any CPU.ActiveCfg = Release|Any CPU
		{C4326CFD-496C-2667-84FE-ACE853C6CEDC}.Release|Any CPU.Build.0 = Release|Any CPU
		{6ACD3064-636A-4B25-BF72-E48BC89CE736}.Debug|Any CPU.ActiveCfg = Debug|Any CPU
		{6ACD3064-636A-4B25-BF72-E48BC89CE736}.Debug|Any CPU.Build.0 = Debug|Any CPU
		{6ACD3064-636A-4B25-BF72-E48BC89CE736}.Release|Any CPU.ActiveCfg = Release|Any CPU
		{6ACD3064-636A-4B25-BF72-E48BC89CE736}.Release|Any CPU.Build.0 = Release|Any CPU
	EndGlobalSection
	GlobalSection(SolutionProperties) = preSolution
		HideSolutionNode = FALSE
	EndGlobalSection
EndGlobal
